
Microsoft Visual Studio Solution File, Format Version 12.00
# Visual Studio 2015
Project("{FAE04EC0-301F-11D3-BF4B-00C04F79EFBC}") = "Adventureland.Plugins", "Adventureland.Plugins.csproj", "{AF5247CB-6B87-C8A3-699F-1E6449758E02}"
EndProject
Project("{FAE04EC0-301F-11D3-BF4B-00C04F79EFBC}") = "Adventureland", "Adventureland.csproj", "{D8B1EFD6-99A6-2793-0575-EA6BA98AC13F}"
EndProject
Project("{FAE04EC0-301F-11D3-BF4B-00C04F79EFBC}") = "Adventureland.Editor", "Adventureland.Editor.csproj", "{38ACBB56-C036-AB40-4CD8-648173516A41}"
EndProject
Global
	GlobalSection(SolutionConfigurationPlatforms) = preSolution
		Debug|Any CPU = Debug|Any CPU
		Release|Any CPU = Release|Any CPU
	EndGlobalSection
	GlobalSection(ProjectConfigurationPlatforms) = postSolution
		{AF5247CB-6B87-C8A3-699F-1E6449758E02}.Debug|Any CPU.ActiveCfg = Debug|Any CPU
		{AF5247CB-6B87-C8A3-699F-1E6449758E02}.Debug|Any CPU.Build.0 = Debug|Any CPU
		{AF5247CB-6B87-C8A3-699F-1E6449758E02}.Release|Any CPU.ActiveCfg = Release|Any CPU
		{AF5247CB-6B87-C8A3-699F-1E6449758E02}.Release|Any CPU.Build.0 = Release|Any CPU
		{D8B1EFD6-99A6-2793-0575-EA6BA98AC13F}.Debug|Any CPU.ActiveCfg = Debug|Any CPU
		{D8B1EFD6-99A6-2793-0575-EA6BA98AC13F}.Debug|Any CPU.Build.0 = Debug|Any CPU
		{D8B1EFD6-99A6-2793-0575-EA6BA98AC13F}.Release|Any CPU.ActiveCfg = Release|Any CPU
		{D8B1EFD6-99A6-2793-0575-EA6BA98AC13F}.Release|Any CPU.Build.0 = Release|Any CPU
		{38ACBB56-C036-AB40-4CD8-648173516A41}.Debug|Any CPU.ActiveCfg = Debug|Any CPU
		{38ACBB56-C036-AB40-4CD8-648173516A41}.Debug|Any CPU.Build.0 = Debug|Any CPU
		{38ACBB56-C036-AB40-4CD8-648173516A41}.Release|Any CPU.ActiveCfg = Release|Any CPU
		{38ACBB56-C036-AB40-4CD8-648173516A41}.Release|Any CPU.Build.0 = Release|Any CPU
	EndGlobalSection
	GlobalSection(SolutionProperties) = preSolution
		HideSolutionNode = FALSE
	EndGlobalSection
EndGlobal
